# This file is automatically @generated by Cargo.
# It is not intended for manual editing.
version = 3

[[package]]
name = "chandeliers-err"
version = "1.0.0"
dependencies = [
 "proc-macro2",
]

[[package]]
name = "proc-macro2"
version = "1.0.75"
source = "registry+https://github.com/rust-lang/crates.io-index"
checksum = "907a61bd0f64c2f29cd1cf1dc34d05176426a3f504a78010f08416ddb7b13708"
dependencies = [
 "unicode-ident",
]

[[package]]
name = "unicode-ident"
version = "1.0.12"
source = "registry+https://github.com/rust-lang/crates.io-index"
checksum = "3354b9ac3fae1ff6755cb6db53683adb661634f67557942dea4facebec0fee4b"
