# This file is automatically @generated by Cargo.
# It is not intended for manual editing.
version = 3

[[package]]
name = "chandeliers-sem"
version = "0.3.2"
dependencies = [
 "replace_with",
]

[[package]]
name = "replace_with"
version = "0.1.7"
source = "registry+https://github.com/rust-lang/crates.io-index"
checksum = "e3a8614ee435691de62bcffcf4a66d91b3594bf1428a5722e79103249a095690"
